
Microsoft Visual Studio Solution File, Format Version 12.00
# Visual Studio Version 16
VisualStudioVersion = 16.0.32106.194
MinimumVisualStudioVersion = 10.0.40219.1
Project("{FAE04EC0-301F-11D3-BF4B-00C04F79EFBC}") = "MyLastHope", "MyLastHope\MyLastHope.csproj", "{9969F995-15EB-46C1-BB39-A29D8AAEFBDB}"
EndProject
Global
	GlobalSection(SolutionConfigurationPlatforms) = preSolution
		Debug|Any CPU = Debug|Any CPU
		Release|Any CPU = Release|Any CPU
	EndGlobalSection
	GlobalSection(ProjectConfigurationPlatforms) = postSolution
		{9969F995-15EB-46C1-BB39-A29D8AAEFBDB}.Debug|Any CPU.ActiveCfg = Debug|Any CPU
		{9969F995-15EB-46C1-BB39-A29D8AAEFBDB}.Debug|Any CPU.Build.0 = Debug|Any CPU
		{9969F995-15EB-46C1-BB39-A29D8AAEFBDB}.Release|Any CPU.ActiveCfg = Release|Any CPU
		{9969F995-15EB-46C1-BB39-A29D8AAEFBDB}.Release|Any CPU.Build.0 = Release|Any CPU
	EndGlobalSection
	GlobalSection(SolutionProperties) = preSolution
		HideSolutionNode = FALSE
	EndGlobalSection
	GlobalSection(ExtensibilityGlobals) = postSolution
		SolutionGuid = {F168D860-3486-4847-AFE0-64D5D5E86D7C}
	EndGlobalSection
EndGlobal
